
Microsoft Visual Studio Solution File, Format Version 12.00
# Visual Studio Version 16
VisualStudioVersion = 16.0.30621.155
MinimumVisualStudioVersion = 10.0.40219.1
Project("{9A19103F-16F7-4668-BE54-9A1E7A4F7556}") = "WiredBrainCoffee.ShopInfoTool", "WiredBrainCoffee.ShopInfoTool\WiredBrainCoffee.ShopInfoTool.csproj", "{A20B351B-6F37-4EFA-A957-2E1107367E64}"
EndProject
Project("{FAE04EC0-301F-11D3-BF4B-00C04F79EFBC}") = "WiredBrainCoffee.DataAccess", "WiredBrainCoffee.DataAccess\WiredBrainCoffee.DataAccess.csproj", "{CD0244A2-D05D-4B15-95A1-F16F7550F462}"
EndProject
Global
	GlobalSection(SolutionConfigurationPlatforms) = preSolution
		Debug|Any CPU = Debug|Any CPU
		Release|Any CPU = Release|Any CPU
	EndGlobalSection
	GlobalSection(ProjectConfigurationPlatforms) = postSolution
		{A20B351B-6F37-4EFA-A957-2E1107367E64}.Debug|Any CPU.ActiveCfg = Debug|Any CPU
		{A20B351B-6F37-4EFA-A957-2E1107367E64}.Debug|Any CPU.Build.0 = Debug|Any CPU
		{A20B351B-6F37-4EFA-A957-2E1107367E64}.Release|Any CPU.ActiveCfg = Release|Any CPU
		{A20B351B-6F37-4EFA-A957-2E1107367E64}.Release|Any CPU.Build.0 = Release|Any CPU
		{CD0244A2-D05D-4B15-95A1-F16F7550F462}.Debug|Any CPU.ActiveCfg = Debug|Any CPU
		{CD0244A2-D05D-4B15-95A1-F16F7550F462}.Debug|Any CPU.Build.0 = Debug|Any CPU
		{CD0244A2-D05D-4B15-95A1-F16F7550F462}.Release|Any CPU.ActiveCfg = Release|Any CPU
		{CD0244A2-D05D-4B15-95A1-F16F7550F462}.Release|Any CPU.Build.0 = Release|Any CPU
	EndGlobalSection
	GlobalSection(SolutionProperties) = preSolution
		HideSolutionNode = FALSE
	EndGlobalSection
	GlobalSection(ExtensibilityGlobals) = postSolution
		SolutionGuid = {5CF5207D-5932-4B8F-8D18-AD3B3314B0A2}
	EndGlobalSection
EndGlobal
